
Microsoft Visual Studio Solution File, Format Version 12.00
# Visual Studio Version 17
VisualStudioVersion = 17.9.34607.119
MinimumVisualStudioVersion = 10.0.40219.1
Project("{FAE04EC0-301F-11D3-BF4B-00C04F79EFBC}") = "Login_Register_Identity_.NET8", "Login_Register_Identity_.NET8.csproj", "{E99E2B5A-CA2A-40CE-B689-C8A64842C8C2}"
EndProject
Global
	GlobalSection(SolutionConfigurationPlatforms) = preSolution
		Debug|Any CPU = Debug|Any CPU
		Release|Any CPU = Release|Any CPU
	EndGlobalSection
	GlobalSection(ProjectConfigurationPlatforms) = postSolution
		{E99E2B5A-CA2A-40CE-B689-C8A64842C8C2}.Debug|Any CPU.ActiveCfg = Debug|Any CPU
		{E99E2B5A-CA2A-40CE-B689-C8A64842C8C2}.Debug|Any CPU.Build.0 = Debug|Any CPU
		{E99E2B5A-CA2A-40CE-B689-C8A64842C8C2}.Release|Any CPU.ActiveCfg = Release|Any CPU
		{E99E2B5A-CA2A-40CE-B689-C8A64842C8C2}.Release|Any CPU.Build.0 = Release|Any CPU
	EndGlobalSection
	GlobalSection(SolutionProperties) = preSolution
		HideSolutionNode = FALSE
	EndGlobalSection
	GlobalSection(ExtensibilityGlobals) = postSolution
		SolutionGuid = {5DAE2DE0-E906-4A59-868B-807B27F1FEAD}
	EndGlobalSection
EndGlobal
